Microsoft Visual Studio Solution File, Format Version 12.00
# Visual Studio Version 16
VisualStudioVersion = 16.0.29709.97
MinimumVisualStudioVersion = 10.0.40219.1
Project("{FAE04EC0-301F-11D3-BF4B-00C04F79EFBC}") = "FlutterSync", "FlutterSync\FlutterSync.csproj", "{C67C98F4-03C4-4C17-ACFC-E6B659B60FA3}"
EndProject
Global
	GlobalSection(SolutionConfigurationPlatforms) = preSolution
		Debug|Any CPU = Debug|Any CPU
		Release|Any CPU = Release|Any CPU
	EndGlobalSection
	GlobalSection(ProjectConfigurationPlatforms) = postSolution
		{C67C98F4-03C4-4C17-ACFC-E6B659B60FA3}.Debug|Any CPU.ActiveCfg = Debug|Any CPU
		{C67C98F4-03C4-4C17-ACFC-E6B659B60FA3}.Debug|Any CPU.Build.0 = Debug|Any CPU
		{C67C98F4-03C4-4C17-ACFC-E6B659B60FA3}.Release|Any CPU.ActiveCfg = Release|Any CPU
		{C67C98F4-03C4-4C17-ACFC-E6B659B60FA3}.Release|Any CPU.Build.0 = Release|Any CPU
	EndGlobalSection
	GlobalSection(SolutionProperties) = preSolution
		HideSolutionNode = FALSE
	EndGlobalSection
	GlobalSection(ExtensibilityGlobals) = postSolution
		SolutionGuid = {420938A5-B65B-43ED-AC86-F570EE8AFE89}
	EndGlobalSection
EndGlobal
